
Microsoft Visual Studio Solution File, Format Version 12.00
# Visual Studio Version 16
VisualStudioVersion = 16.0.31624.102
MinimumVisualStudioVersion = 10.0.40219.1
Project("{2150E333-8FDC-42A3-9474-1A3956D46DE8}") = "Class projects", "Class projects", "{16CA3D56-A879-4048-A5B3-10C35829D429}"
EndProject
Project("{9A19103F-16F7-4668-BE54-9A1E7A4F7556}") = "NorthWindCoreLibrary", "NorthWindCoreLibrary\NorthWindCoreLibrary.csproj", "{B053EBDF-FE72-40B1-BC63-1C29043FD8F8}"
EndProject
Project("{2150E333-8FDC-42A3-9474-1A3956D46DE8}") = "Unit test projects", "Unit test projects", "{B114C0EE-3EB7-4D23-97E7-F5AE291BEF2A}"
EndProject
Project("{9A19103F-16F7-4668-BE54-9A1E7A4F7556}") = "NorthWindCoreUnitTest_InMemory", "NorthWindCoreUnitTest_InMemory\NorthWindCoreUnitTest_InMemory.csproj", "{4EE3F5DC-A48E-4C20-8310-771B84D5035F}"
EndProject
Project("{2150E333-8FDC-42A3-9474-1A3956D46DE8}") = "Solution Items", "Solution Items", "{B2939CF8-3FCC-4C44-AF16-38C0E34C144A}"
	ProjectSection(SolutionItems) = preProject
		readme.md = readme.md
	EndProjectSection
EndProject
Project("{9A19103F-16F7-4668-BE54-9A1E7A4F7556}") = "EntityCoreExtensions", "EntityCoreExtensions\EntityCoreExtensions.csproj", "{392218DD-6430-40DD-ACA4-39CAB9E52D98}"
EndProject
Project("{2150E333-8FDC-42A3-9474-1A3956D46DE8}") = "Windows Forms", "Windows Forms", "{86E88F4B-DF62-4B0D-AD67-37781A025AFA}"
EndProject
Project("{9A19103F-16F7-4668-BE54-9A1E7A4F7556}") = "EntityFrameworkCoreDbExtensions", "EntityFrameworkCoreDbExtensions\EntityFrameworkCoreDbExtensions.csproj", "{E0E137B7-C0B0-4BA9-9C51-2207BDD24BAB}"
EndProject
Project("{9A19103F-16F7-4668-BE54-9A1E7A4F7556}") = "GlobbingConsoleNetCoreApp", "GlobbingConsoleNetCoreApp\GlobbingConsoleNetCoreApp.csproj", "{D40F8C81-A141-4F2E-8527-1BD953153015}"
EndProject
Project("{FAE04EC0-301F-11D3-BF4B-00C04F79EFBC}") = "GetEntityInformation", "GetEntityInformation\GetEntityInformation.csproj", "{3A3083FB-B896-4612-8304-023B95FC525D}"
EndProject
Global
	GlobalSection(SolutionConfigurationPlatforms) = preSolution
		Debug|Any CPU = Debug|Any CPU
		Release|Any CPU = Release|Any CPU
	EndGlobalSection
	GlobalSection(ProjectConfigurationPlatforms) = postSolution
		{B053EBDF-FE72-40B1-BC63-1C29043FD8F8}.Debug|Any CPU.ActiveCfg = Debug|Any CPU
		{B053EBDF-FE72-40B1-BC63-1C29043FD8F8}.Debug|Any CPU.Build.0 = Debug|Any CPU
		{B053EBDF-FE72-40B1-BC63-1C29043FD8F8}.Release|Any CPU.ActiveCfg = Release|Any CPU
		{B053EBDF-FE72-40B1-BC63-1C29043FD8F8}.Release|Any CPU.Build.0 = Release|Any CPU
		{4EE3F5DC-A48E-4C20-8310-771B84D5035F}.Debug|Any CPU.ActiveCfg = Debug|Any CPU
		{4EE3F5DC-A48E-4C20-8310-771B84D5035F}.Debug|Any CPU.Build.0 = Debug|Any CPU
		{4EE3F5DC-A48E-4C20-8310-771B84D5035F}.Release|Any CPU.ActiveCfg = Release|Any CPU
		{4EE3F5DC-A48E-4C20-8310-771B84D5035F}.Release|Any CPU.Build.0 = Release|Any CPU
		{392218DD-6430-40DD-ACA4-39CAB9E52D98}.Debug|Any CPU.ActiveCfg = Debug|Any CPU
		{392218DD-6430-40DD-ACA4-39CAB9E52D98}.Debug|Any CPU.Build.0 = Debug|Any CPU
		{392218DD-6430-40DD-ACA4-39CAB9E52D98}.Release|Any CPU.ActiveCfg = Release|Any CPU
		{392218DD-6430-40DD-ACA4-39CAB9E52D98}.Release|Any CPU.Build.0 = Release|Any CPU
		{E0E137B7-C0B0-4BA9-9C51-2207BDD24BAB}.Debug|Any CPU.ActiveCfg = Debug|Any CPU
		{E0E137B7-C0B0-4BA9-9C51-2207BDD24BAB}.Debug|Any CPU.Build.0 = Debug|Any CPU
		{E0E137B7-C0B0-4BA9-9C51-2207BDD24BAB}.Release|Any CPU.ActiveCfg = Release|Any CPU
		{E0E137B7-C0B0-4BA9-9C51-2207BDD24BAB}.Release|Any CPU.Build.0 = Release|Any CPU
		{D40F8C81-A141-4F2E-8527-1BD953153015}.Debug|Any CPU.ActiveCfg = Debug|Any CPU
		{D40F8C81-A141-4F2E-8527-1BD953153015}.Debug|Any CPU.Build.0 = Debug|Any CPU
		{D40F8C81-A141-4F2E-8527-1BD953153015}.Release|Any CPU.ActiveCfg = Release|Any CPU
		{D40F8C81-A141-4F2E-8527-1BD953153015}.Release|Any CPU.Build.0 = Release|Any CPU
		{3A3083FB-B896-4612-8304-023B95FC525D}.Debug|Any CPU.ActiveCfg = Debug|Any CPU
		{3A3083FB-B896-4612-8304-023B95FC525D}.Debug|Any CPU.Build.0 = Debug|Any CPU
		{3A3083FB-B896-4612-8304-023B95FC525D}.Release|Any CPU.ActiveCfg = Release|Any CPU
		{3A3083FB-B896-4612-8304-023B95FC525D}.Release|Any CPU.Build.0 = Release|Any CPU
	EndGlobalSection
	GlobalSection(SolutionProperties) = preSolution
		HideSolutionNode = FALSE
	EndGlobalSection
	GlobalSection(NestedProjects) = preSolution
		{B053EBDF-FE72-40B1-BC63-1C29043FD8F8} = {16CA3D56-A879-4048-A5B3-10C35829D429}
		{4EE3F5DC-A48E-4C20-8310-771B84D5035F} = {B114C0EE-3EB7-4D23-97E7-F5AE291BEF2A}
		{392218DD-6430-40DD-ACA4-39CAB9E52D98} = {16CA3D56-A879-4048-A5B3-10C35829D429}
		{86E88F4B-DF62-4B0D-AD67-37781A025AFA} = {B114C0EE-3EB7-4D23-97E7-F5AE291BEF2A}
		{E0E137B7-C0B0-4BA9-9C51-2207BDD24BAB} = {86E88F4B-DF62-4B0D-AD67-37781A025AFA}
		{D40F8C81-A141-4F2E-8527-1BD953153015} = {86E88F4B-DF62-4B0D-AD67-37781A025AFA}
	EndGlobalSection
	GlobalSection(ExtensibilityGlobals) = postSolution
		SolutionGuid = {58472139-AA99-437C-A5F5-B3F7FF808C20}
	EndGlobalSection
EndGlobal
